
Microsoft Visual Studio Solution File, Format Version 12.00
# Visual Studio Version 17
VisualStudioVersion = 17.7.34221.43
MinimumVisualStudioVersion = 10.0.40219.1
Project("{9A19103F-16F7-4668-BE54-9A1E7A4F7556}") = "MVCWebAppHandsOn", "MVCWebAppHandsOn\MVCWebAppHandsOn.csproj", "{1CDB601A-EC76-440C-A073-C9FE928B79EB}"
EndProject
Project("{FAE04EC0-301F-11D3-BF4B-00C04F79EFBC}") = "StudentUnitTest", "StudentUnitTest\StudentUnitTest.csproj", "{E9AD139A-9003-4606-A6DE-20A130F5395F}"
EndProject
Global
	GlobalSection(SolutionConfigurationPlatforms) = preSolution
		Debug|Any CPU = Debug|Any CPU
		Release|Any CPU = Release|Any CPU
	EndGlobalSection
	GlobalSection(ProjectConfigurationPlatforms) = postSolution
		{1CDB601A-EC76-440C-A073-C9FE928B79EB}.Debug|Any CPU.ActiveCfg = Debug|Any CPU
		{1CDB601A-EC76-440C-A073-C9FE928B79EB}.Debug|Any CPU.Build.0 = Debug|Any CPU
		{1CDB601A-EC76-440C-A073-C9FE928B79EB}.Release|Any CPU.ActiveCfg = Release|Any CPU
		{1CDB601A-EC76-440C-A073-C9FE928B79EB}.Release|Any CPU.Build.0 = Release|Any CPU
		{E9AD139A-9003-4606-A6DE-20A130F5395F}.Debug|Any CPU.ActiveCfg = Debug|Any CPU
		{E9AD139A-9003-4606-A6DE-20A130F5395F}.Debug|Any CPU.Build.0 = Debug|Any CPU
		{E9AD139A-9003-4606-A6DE-20A130F5395F}.Release|Any CPU.ActiveCfg = Release|Any CPU
		{E9AD139A-9003-4606-A6DE-20A130F5395F}.Release|Any CPU.Build.0 = Release|Any CPU
	EndGlobalSection
	GlobalSection(SolutionProperties) = preSolution
		HideSolutionNode = FALSE
	EndGlobalSection
	GlobalSection(ExtensibilityGlobals) = postSolution
		SolutionGuid = {A085EC48-0134-46D2-881D-BB2762F5FF88}
	EndGlobalSection
EndGlobal
